
Microsoft Visual Studio Solution File, Format Version 12.00
# Visual Studio Version 17
VisualStudioVersion = 17.5.33103.201
MinimumVisualStudioVersion = 10.0.40219.1
Project("{9A19103F-16F7-4668-BE54-9A1E7A4F7556}") = "Timelogger.Api", "Timelogger.Api\Timelogger.Api.csproj", "{586001F3-4417-4AFF-BB35-FA09226B7107}"
EndProject
Project("{9A19103F-16F7-4668-BE54-9A1E7A4F7556}") = "Timelogger", "Timelogger\Timelogger.csproj", "{9B0E1AAC-9A93-43AA-BDB6-39A40D60E29A}"
EndProject
Project("{9A19103F-16F7-4668-BE54-9A1E7A4F7556}") = "Timelogger.Interfaces", "Timelogger.Interfaces\Timelogger.Interfaces.csproj", "{CD447FD8-B171-4AC9-AF12-E5DEC824227D}"
EndProject
Project("{9A19103F-16F7-4668-BE54-9A1E7A4F7556}") = "Timelogger.Models", "Timelogger.Models\Timelogger.Models.csproj", "{A4E7F7F0-0886-4FD4-AE84-526A53D70148}"
EndProject
Global
	GlobalSection(SolutionConfigurationPlatforms) = preSolution
		Debug|Any CPU = Debug|Any CPU
		Release|Any CPU = Release|Any CPU
	EndGlobalSection
	GlobalSection(ProjectConfigurationPlatforms) = postSolution
		{586001F3-4417-4AFF-BB35-FA09226B7107}.Debug|Any CPU.ActiveCfg = Debug|Any CPU
		{586001F3-4417-4AFF-BB35-FA09226B7107}.Debug|Any CPU.Build.0 = Debug|Any CPU
		{586001F3-4417-4AFF-BB35-FA09226B7107}.Release|Any CPU.ActiveCfg = Release|Any CPU
		{586001F3-4417-4AFF-BB35-FA09226B7107}.Release|Any CPU.Build.0 = Release|Any CPU
		{9B0E1AAC-9A93-43AA-BDB6-39A40D60E29A}.Debug|Any CPU.ActiveCfg = Debug|Any CPU
		{9B0E1AAC-9A93-43AA-BDB6-39A40D60E29A}.Debug|Any CPU.Build.0 = Debug|Any CPU
		{9B0E1AAC-9A93-43AA-BDB6-39A40D60E29A}.Release|Any CPU.ActiveCfg = Release|Any CPU
		{9B0E1AAC-9A93-43AA-BDB6-39A40D60E29A}.Release|Any CPU.Build.0 = Release|Any CPU
		{CD447FD8-B171-4AC9-AF12-E5DEC824227D}.Debug|Any CPU.ActiveCfg = Debug|Any CPU
		{CD447FD8-B171-4AC9-AF12-E5DEC824227D}.Debug|Any CPU.Build.0 = Debug|Any CPU
		{CD447FD8-B171-4AC9-AF12-E5DEC824227D}.Release|Any CPU.ActiveCfg = Release|Any CPU
		{CD447FD8-B171-4AC9-AF12-E5DEC824227D}.Release|Any CPU.Build.0 = Release|Any CPU
		{A4E7F7F0-0886-4FD4-AE84-526A53D70148}.Debug|Any CPU.ActiveCfg = Debug|Any CPU
		{A4E7F7F0-0886-4FD4-AE84-526A53D70148}.Debug|Any CPU.Build.0 = Debug|Any CPU
		{A4E7F7F0-0886-4FD4-AE84-526A53D70148}.Release|Any CPU.ActiveCfg = Release|Any CPU
		{A4E7F7F0-0886-4FD4-AE84-526A53D70148}.Release|Any CPU.Build.0 = Release|Any CPU
	EndGlobalSection
	GlobalSection(SolutionProperties) = preSolution
		HideSolutionNode = FALSE
	EndGlobalSection
	GlobalSection(ExtensibilityGlobals) = postSolution
		SolutionGuid = {4D19577B-E788-491E-BB0F-48D716D381BD}
	EndGlobalSection
EndGlobal
